{
  "lockfileVersion": 1,
  "configVersion": 1,
  "workspaces": {
    "": {
      "name": "@examples/panda-quiz-bot",
      "dependencies": {
        "@ai-sdk/openai": "^2.0.74",
        "@mtcute/core": "^0.27.1",
        "@types/node": "^24.10.1",
        "ai": "^5.0.104",
        "zod": "^4.1.13",
      },
      "devDependencies": {
        "@types/bun": "latest",
        "typescript": "^5.0.0",
      },
    },
  },
  "packages": {
    "@ai-sdk/gateway": ["@ai-sdk/gateway@2.0.17", "", { "dependencies": { "@ai-sdk/provider": "2.0.0", "@ai-sdk/provider-utils": "3.0.18", "@vercel/oidc": "3.0.5" }, "peerDependencies": { "zod": "^3.25.76 || ^4.1.8" } }, "sha512-oVAG6q72KsjKlrYdLhWjRO7rcqAR8CjokAbYuyVZoCO4Uh2PH/VzZoxZav71w2ipwlXhHCNaInGYWNs889MMDA=="],

    "@ai-sdk/openai": ["@ai-sdk/openai@2.0.74", "", { "dependencies": { "@ai-sdk/provider": "2.0.0", "@ai-sdk/provider-utils": "3.0.18" }, "peerDependencies": { "zod": "^3.25.76 || ^4.1.8" } }, "sha512-vvsL7rGoBEyQIePs630p31ebLeF+xxwLOrRKeIArHko8w7Wh9Kj3wL4Ns+PCzrEpAij31OKKDcxLQ1dSIg/qMw=="],

    "@ai-sdk/provider": ["@ai-sdk/provider@2.0.0", "", { "dependencies": { "json-schema": "^0.4.0" } }, "sha512-6o7Y2SeO9vFKB8lArHXehNuusnpddKPk7xqL7T2/b+OvXMRIXUO1rR4wcv1hAFUAT9avGZshty3Wlua/XA7TvA=="],

    "@ai-sdk/provider-utils": ["@ai-sdk/provider-utils@3.0.18", "", { "dependencies": { "@ai-sdk/provider": "2.0.0", "@standard-schema/spec": "^1.0.0", "eventsource-parser": "^3.0.6" }, "peerDependencies": { "zod": "^3.25.76 || ^4.1.8" } }, "sha512-ypv1xXMsgGcNKUP+hglKqtdDuMg68nWHucPPAhIENrbFAI+xCHiqPVN8Zllxyv1TNZwGWUghPxJXU+Mqps0YRQ=="],

    "@fuman/io": ["@fuman/io@0.0.17", "", { "dependencies": { "@fuman/utils": "^0.0.17" } }, "sha512-VmMnfHtXzBfEddEfptn/oYshUzWqW2XUkdVnwKuHWphEQTQZrOWxC7G12FI9U2EhEYt4nRdrUTYk65U8GVJWYw=="],

    "@fuman/net": ["@fuman/net@0.0.17", "", { "dependencies": { "@fuman/io": "^0.0.17", "@fuman/utils": "^0.0.17" } }, "sha512-x/kK3kWQ+gy5rfsoS6QVCsodh9n/XJeM3c6m1YHPUiQ0gWWQd4CC1bcQ/rh2UHh9DQyJJeWjCQXWH2xmsVCcFQ=="],

    "@fuman/utils": ["@fuman/utils@0.0.17", "", {}, "sha512-hy1Xu1146nOspVam8FC6p4yakb1FV1V3KrS85RzcHiK7AccFKR43Fgtv8exC8Ybsw6MtMU+MRNyaPqVhA+7TsA=="],

    "@mtcute/core": ["@mtcute/core@0.27.1", "", { "dependencies": { "@fuman/io": "0.0.17", "@fuman/net": "0.0.17", "@fuman/utils": "0.0.17", "@mtcute/file-id": "^0.27.0", "@mtcute/tl": "^218.0.1", "@mtcute/tl-runtime": "^0.24.3", "@types/events": "3.0.0", "long": "5.2.3" } }, "sha512-+vRQG7XRJ62YY5drSucvwCuAzSJ47BIDCfXNYCyVoX7bxnrH3CYOnEG8Ze/NrE8jlaHRHSUt7MLQZur850dAqw=="],

    "@mtcute/file-id": ["@mtcute/file-id@0.27.0", "", { "dependencies": { "@fuman/utils": "0.0.17", "@mtcute/tl-runtime": "^0.24.3", "long": "5.2.3" } }, "sha512-a8+8TSot62zM7rmuNzf7aTk3dws3wuHPjWRFeybhFg11Gr1/1f8R3MRGoHYzDGRcuXobcU9mUQxEKYYE+ogdEg=="],

    "@mtcute/tl": ["@mtcute/tl@218.0.1", "", { "dependencies": { "long": "5.2.3" } }, "sha512-VOwTn+mK76lbtqfZ4HXjWvnmkD+aHXck6jeTVJIDXvEB2mK1P8jjs9g8HTx8WtDVaTZDpQEAtuvZJJwHfl11yg=="],

    "@mtcute/tl-runtime": ["@mtcute/tl-runtime@0.24.3", "", { "dependencies": { "@fuman/utils": "0.0.15", "long": "5.2.3" } }, "sha512-61J3cgYgNOQT532GdIiuezRrSC7v6cc9MfvWv9GO27bRGf7JUKWVbFt4U0KzQ9Tp0J1uMOUfi1EbQKkYKacIKQ=="],

    "@opentelemetry/api": ["@opentelemetry/api@1.9.0", "", {}, "sha512-3giAOQvZiH5F9bMlMiv8+GSPMeqg0dbaeo58/0SlA9sxSqZhnUtxzX9/2FzyhS9sWQf5S0GJE0AKBrFqjpeYcg=="],

    "@standard-schema/spec": ["@standard-schema/spec@1.0.0", "", {}, "sha512-m2bOd0f2RT9k8QJx1JN85cZYyH1RqFBdlwtkSlf4tBDYLCiiZnv1fIIwacK6cqwXavOydf0NPToMQgpKq+dVlA=="],

    "@types/bun": ["@types/bun@1.3.3", "", { "dependencies": { "bun-types": "1.3.3" } }, "sha512-ogrKbJ2X5N0kWLLFKeytG0eHDleBYtngtlbu9cyBKFtNL3cnpDZkNdQj8flVf6WTZUX5ulI9AY1oa7ljhSrp+g=="],

    "@types/events": ["@types/events@3.0.0", "", {}, "sha512-EaObqwIvayI5a8dCzhFrjKzVwKLxjoG9T6Ppd5CEo07LRKfQ8Yokw54r5+Wq7FaBQ+yXRvQAYPrHwya1/UFt9g=="],

    "@types/node": ["@types/node@24.10.1", "", { "dependencies": { "undici-types": "~7.16.0" } }, "sha512-GNWcUTRBgIRJD5zj+Tq0fKOJ5XZajIiBroOF0yvj2bSU1WvNdYS/dn9UxwsujGW4JX06dnHyjV2y9rRaybH0iQ=="],

    "@vercel/oidc": ["@vercel/oidc@3.0.5", "", {}, "sha512-fnYhv671l+eTTp48gB4zEsTW/YtRgRPnkI2nT7x6qw5rkI1Lq2hTmQIpHPgyThI0znLK+vX2n9XxKdXZ7BUbbw=="],

    "ai": ["ai@5.0.104", "", { "dependencies": { "@ai-sdk/gateway": "2.0.17", "@ai-sdk/provider": "2.0.0", "@ai-sdk/provider-utils": "3.0.18", "@opentelemetry/api": "1.9.0" }, "peerDependencies": { "zod": "^3.25.76 || ^4.1.8" } }, "sha512-MZOkL9++nY5PfkpWKBR3Rv+Oygxpb9S16ctv8h91GvrSif7UnNEdPMVZe3bUyMd2djxf0AtBk/csBixP0WwWZQ=="],

    "bun-types": ["bun-types@1.3.3", "", { "dependencies": { "@types/node": "*" } }, "sha512-z3Xwlg7j2l9JY27x5Qn3Wlyos8YAp0kKRlrePAOjgjMGS5IG6E7Jnlx736vH9UVI4wUICwwhC9anYL++XeOgTQ=="],

    "eventsource-parser": ["eventsource-parser@3.0.6", "", {}, "sha512-Vo1ab+QXPzZ4tCa8SwIHJFaSzy4R6SHf7BY79rFBDf0idraZWAkYrDjDj8uWaSm3S2TK+hJ7/t1CEmZ7jXw+pg=="],

    "json-schema": ["json-schema@0.4.0", "", {}, "sha512-es94M3nTIfsEPisRafak+HDLfHXnKBhV3vU5eqPcS3flIWqcxJWgXHXiey3YrpaNsanY5ei1VoYEbOzijuq9BA=="],

    "long": ["long@5.2.3", "", {}, "sha512-lcHwpNoggQTObv5apGNCTdJrO69eHOZMi4BNC+rTLER8iHAqGrUVeLh/irVIM7zTw2bOXA8T6uNPeujwOLg/2Q=="],

    "typescript": ["typescript@5.9.3", "", { "bin": { "tsc": "bin/tsc", "tsserver": "bin/tsserver" } }, "sha512-jl1vZzPDinLr9eUt3J/t7V6FgNEw9QjvBPdysz9KfQDD41fQrC2Y4vKQdiaUpFT4bXlb1RHhLpp8wtm6M5TgSw=="],

    "undici-types": ["undici-types@7.16.0", "", {}, "sha512-Zz+aZWSj8LE6zoxD+xrjh4VfkIG8Ya6LvYkZqtUQGJPZjYl53ypCaUwWqo7eI0x66KBGeRo+mlBEkMSeSZ38Nw=="],

    "zod": ["zod@4.1.13", "", {}, "sha512-AvvthqfqrAhNH9dnfmrfKzX5upOdjUVJYFqNSlkmGf64gRaTzlPwz99IHYnVs28qYAybvAlBV+H7pn0saFY4Ig=="],

    "@mtcute/tl-runtime/@fuman/utils": ["@fuman/utils@0.0.15", "", {}, "sha512-3H3WzkfG7iLKCa/yNV4s80lYD4yr5hgiNzU13ysLY2BcDqFjM08XGYuLd5wFVp4V8+DA/fe8gIDW96To/JwDyA=="],
  }
}
